
Microsoft Visual Studio Solution File, Format Version 12.00
# Visual Studio Version 17
VisualStudioVersion = 17.4.33122.133
MinimumVisualStudioVersion = 10.0.40219.1
Project("{FAE04EC0-301F-11D3-BF4B-00C04F79EFBC}") = "Nostalgia.API", "Nostalgia.API\Nostalgia.API.csproj", "{4B0CCFE4-69F0-4EB3-BDA1-944AC8680026}"
EndProject
Global
	GlobalSection(SolutionConfigurationPlatforms) = preSolution
		Debug|Any CPU = Debug|Any CPU
		Release|Any CPU = Release|Any CPU
	EndGlobalSection
	GlobalSection(ProjectConfigurationPlatforms) = postSolution
		{4B0CCFE4-69F0-4EB3-BDA1-944AC8680026}.Debug|Any CPU.ActiveCfg = Debug|Any CPU
		{4B0CCFE4-69F0-4EB3-BDA1-944AC8680026}.Debug|Any CPU.Build.0 = Debug|Any CPU
		{4B0CCFE4-69F0-4EB3-BDA1-944AC8680026}.Release|Any CPU.ActiveCfg = Release|Any CPU
		{4B0CCFE4-69F0-4EB3-BDA1-944AC8680026}.Release|Any CPU.Build.0 = Release|Any CPU
	EndGlobalSection
	GlobalSection(SolutionProperties) = preSolution
		HideSolutionNode = FALSE
	EndGlobalSection
	GlobalSection(ExtensibilityGlobals) = postSolution
		SolutionGuid = {62DDFFC0-9018-48C5-8C3E-100CAC218886}
	EndGlobalSection
EndGlobal
